// !$*UTF8*$!
{
	archiveVersion = 1;
	classes = {
	};
	objectVersion = 46;
	objects = {

/* Begin PBXBuildFile section */
		11064C001CD32BEE00771121 /* AppDelegate.swift in Sources */ = {isa = PBXBuildFile; fileRef = 11064BFF1CD32BEE00771121 /* AppDelegate.swift */; };
		11064C021CD32BEE00771121 /* ViewController.swift in Sources */ = {isa = PBXBuildFile; fileRef = 11064C011CD32BEE00771121 /* ViewController.swift */; };
		11064C051CD32BEE00771121 /* Main.storyboard in Resources */ = {isa = PBXBuildFile; fileRef = 11064C031CD32BEE00771121 /* Main.storyboard */; };
		11064C071CD32BEE00771121 /* Assets.xcassets in Resources */ = {isa = PBXBuildFile; fileRef = 11064C061CD32BEE00771121 /* Assets.xcassets */; };
		11064C0A1CD32BEE00771121 /* LaunchScreen.storyboard in Resources */ = {isa = PBXBuildFile; fileRef = 11064C081CD32BEE00771121 /* LaunchScreen.storyboard */; };
/* End PBXBuildFile section */

/* Begin PBXFileReference section */
		11064BFC1CD32BEE00771121 /* ALPHACamp_finalExam.app */ = {isa = PBXFileReference; explicitFileType = wrapper.application; includeInIndex = 0; path = ALPHACamp_finalExam.app; sourceTree = BUILT_PRODUCTS_DIR; };
		11064BFF1CD32BEE00771121 /* AppDelegate.swift */ = {isa = PBXFileReference; lastKnownFileType = sourcecode.swift; path = AppDelegate.swift; sourceTree = "<group>"; };
		11064C011CD32BEE00771121 /* ViewController.swift */ = {isa = PBXFileReference; lastKnownFileType = sourcecode.swift; path = ViewController.swift; sourceTree = "<group>"; };
		11064C041CD32BEE00771121 /* Base */ = {isa = PBXFileReference; lastKnownFileType = file.storyboard; name = Base; path = Base.lproj/Main.storyboard; sourceTree = "<group>"; };
		11064C061CD32BEE00771121 /* Assets.xcassets */ = {isa = PBXFileReference; lastKnownFileType = folder.assetcatalog; path = Assets.xcassets; sourceTree = "<group>"; };
		11064C091CD32BEE00771121 /* Base */ = {isa = PBXFileReference; lastKnownFileType = file.storyboard; name = Base; path = Base.lproj/LaunchScreen.storyboard; sourceTree = "<group>"; };
		11064C0B1CD32BEE00771121 /* Info.plist */ = {isa = PBXFileReference; lastKnownFileType = text.plist.xml; path = Info.plist; sourceTree = "<group>"; };
/* End PBXFileReference section */

/* Begin PBXFrameworksBuildPhase section */
		11064BF91CD32BEE00771121 /* Frameworks */ = {
			isa = PBXFrameworksBuildPhase;
			buildActionMask = 2147483647;
			files = (
			);
			runOnlyForDeploymentPostprocessing = 0;
		};
/* End PBXFrameworksBuildPhase section */

/* Begin PBXGroup section */
		11064BF31CD32BEE00771121 = {
			isa = PBXGroup;
			children = (
				11064BFE1CD32BEE00771121 /* ALPHACamp_finalExam */,
				11064BFD1CD32BEE00771121 /* Products */,
			);
			sourceTree = "<group>";
		};
		11064BFD1CD32BEE00771121 /* Products */ = {
			isa = PBXGroup;
			children = (
				11064BFC1CD32BEE00771121 /* ALPHACamp_finalExam.app */,
			);
			name = Products;
			sourceTree = "<group>";
		};
		11064BFE1CD32BEE00771121 /* ALPHACamp_finalExam */ = {
			isa = PBXGroup;
			children = (
				11064BFF1CD32BEE00771121 /* AppDelegate.swift */,
				11064C011CD32BEE00771121 /* ViewController.swift */,
				11064C031CD32BEE00771121 /* Main.storyboard */,
				11064C061CD32BEE00771121 /* Assets.xcassets */,
				11064C081CD32BEE00771121 /* LaunchScreen.storyboard */,
				11064C0B1CD32BEE00771121 /* Info.plist */,
			);
			path = ALPHACamp_finalExam;
			sourceTree = "<group>";
		};
/* End PBXGroup section */

/* Begin PBXNativeTarget section */
		11064BFB1CD32BEE00771121 /* ALPHACamp_finalExam */ = {
			isa = PBXNativeTarget;
			buildConfigurationList = 11064C0E1CD32BEE00771121 /* Build configuration list for PBXNativeTarget "ALPHACamp_finalExam" */;
			buildPhases = (
				11064BF81CD32BEE00771121 /* Sources */,
				11064BF91CD32BEE00771121 /* Frameworks */,
				11064BFA1CD32BEE00771121 /* Resources */,
			);
			buildRules = (
			);
			dependencies = (
			);
			name = ALPHACamp_finalExam;
			productName = ALPHACamp_finalExam;
			productReference = 11064BFC1CD32BEE00771121 /* ALPHACamp_finalExam.app */;
			productType = "com.apple.product-type.application";
		};
/* End PBXNativeTarget section */

/* Begin PBXProject section */
		11064BF41CD32BEE00771121 /* Project object */ = {
			isa = PBXProject;
			attributes = {
				LastSwiftUpdateCheck = 0730;
				LastUpgradeCheck = 0730;
				ORGANIZATIONNAME = "Ka Ho";
				TargetAttributes = {
					11064BFB1CD32BEE00771121 = {
						CreatedOnToolsVersion = 7.3;
					};
				};
			};
			buildConfigurationList = 11064BF71CD32BEE00771121 /* Build configuration list for PBXProject "ALPHACamp_finalExam" */;
			compatibilityVersion = "Xcode 3.2";
			developmentRegion = English;
			hasScannedForEncodings = 0;
			knownRegions = (
				en,
				Base,
			);
			mainGroup = 11064BF31CD32BEE00771121;
			productRefGroup = 11064BFD1CD32BEE00771121 /* Products */;
			projectDirPath = "";
			projectRoot = "";
			targets = (
				11064BFB1CD32BEE00771121 /* ALPHACamp_finalExam */,
			);
		};
/* End PBXProject section */

/* Begin PBXResourcesBuildPhase section */
		11064BFA1CD32BEE00771121 /* Resources */ = {
			isa = PBXResourcesBuildPhase;
			buildActionMask = 2147483647;
			files = (
				11064C0A1CD32BEE00771121 /* LaunchScreen.storyboard in Resources */,
				11064C071CD32BEE00771121 /* Assets.xcassets in Resources */,
				11064C051CD32BEE00771121 /* Main.storyboard in Resources */,
			);
			runOnlyForDeploymentPostprocessing = 0;
		};
/* End PBXResourcesBuildPhase section */

/* Begin PBXSourcesBuildPhase section */
		11064BF81CD32BEE00771121 /* Sources */ = {
			isa = PBXSourcesBuildPhase;
			buildActionMask = 2147483647;
			files = (
				11064C021CD32BEE00771121 /* ViewController.swift in Sources */,
				11064C001CD32BEE00771121 /* AppDelegate.swift in Sources */,
			);
			runOnlyForDeploymentPostprocessing = 0;
		};
/* End PBXSourcesBuildPhase section */

/* Begin PBXVariantGroup section */
		11064C031CD32BEE00771121 /* Main.storyboard */ = {
			isa = PBXVariantGroup;
			children = (
				11064C041CD32BEE00771121 /* Base */,
			);
			name = Main.storyboard;
			sourceTree = "<group>";
		};
		11064C081CD32BEE00771121 /* LaunchScreen.storyboard */ = {
			isa = PBXVariantGroup;
			children = (
				11064C091CD32BEE00771121 /* Base */,
			);
			name = LaunchScreen.storyboard;
			sourceTree = "<group>";
		};
/* End PBXVariantGroup section */

/* Begin XCBuildConfiguration section */
		11064C0C1CD32BEE00771121 /* Debug */ = {
			isa = XCBuildConfiguration;
			buildSettings = {
				ALWAYS_SEARCH_USER_PATHS = NO;
				CLANG_ANALYZER_NONNULL = YES;
				CLANG_CXX_LANGUAGE_STANDARD = "gnu++0x";
				CLANG_CXX_LIBRARY = "libc++";
				CLANG_ENABLE_MODULES = YES;
				CLANG_ENABLE_OBJC_ARC = YES;
				CLANG_WARN_BOOL_CONVERSION = YES;
				CLANG_WARN_CONSTANT_CONVERSION = YES;
				CLANG_WARN_DIRECT_OBJC_ISA_USAGE = YES_ERROR;
				CLANG_WARN_EMPTY_BODY = YES;
				CLANG_WARN_ENUM_CONVERSION = YES;
				CLANG_WARN_INT_CONVERSION = YES;
				CLANG_WARN_OBJC_ROOT_CLASS = YES_ERROR;
				CLANG_WARN_UNREACHABLE_CODE = YES;
				CLANG_WARN__DUPLICATE_METHOD_MATCH = YES;
				"CODE_SIGN_IDENTITY[sdk=iphoneos*]" = "iPhone Developer";
				COPY_PHASE_STRIP = NO;
				DEBUG_INFORMATION_FORMAT = dwarf;
				ENABLE_STRICT_OBJC_MSGSEND = YES;
				ENABLE_TESTABILITY = YES;
				GCC_C_LANGUAGE_STANDARD = gnu99;
				GCC_DYNAMIC_NO_PIC = NO;
				GCC_NO_COMMON_BLOCKS = YES;
				GCC_OPTIMIZATION_LEVEL = 0;
				GCC_PREPROCESSOR_DEFINITIONS = (
					"DEBUG=1",
					"$(inherited)",
				);
				GCC_WARN_64_TO_32_BIT_CONVERSION = YES;
				GCC_WARN_ABOUT_RETURN_TYPE = YES_ERROR;
				GCC_WARN_UNDECLARED_SELECTOR = YES;
				GCC_WARN_UNINITIALIZED_AUTOS = YES_AGGRESSIVE;
				GCC_WARN_UNUSED_FUNCTION = YES;
				GCC_WARN_UNUSED_VARIABLE = YES;
				IPHONEOS_DEPLOYMENT_TARGET = 9.3;
				MTL_ENABLE_DEBUG_INFO = YES;
				ONLY_ACTIVE_ARCH = YES;
				SDKROOT = iphoneos;
				SWIFT_OPTIMIZATION_LEVEL = "-Onone";
				TARGETED_DEVICE_FAMILY = "1,2";
			};
			name = Debug;
		};
		11064C0D1CD32BEE00771121 /* Release */ = {
			isa = XCBuildConfiguration;
			buildSettings = {
				ALWAYS_SEARCH_USER_PATHS = NO;
				CLANG_ANALYZER_NONNULL = YES;
				CLANG_CXX_LANGUAGE_STANDARD = "gnu++0x";
				CLANG_CXX_LIBRARY = "libc++";
				CLANG_ENABLE_MODULES = YES;
				CLANG_ENABLE_OBJC_ARC = YES;
				CLANG_WARN_BOOL_CONVERSION = YES;
				CLANG_WARN_CONSTANT_CONVERSION = YES;
				CLANG_WARN_DIRECT_OBJC_ISA_USAGE = YES_ERROR;
				CLANG_WARN_EMPTY_BODY = YES;
				CLANG_WARN_ENUM_CONVERSION = YES;
				CLANG_WARN_INT_CONVERSION = YES;
				CLANG_WARN_OBJC_ROOT_CLASS = YES_ERROR;
				CLANG_WARN_UNREACHABLE_CODE = YES;
				CLANG_WARN__DUPLICATE_METHOD_MATCH = YES;
				"CODE_SIGN_IDENTITY[sdk=iphoneos*]" = "iPhone Developer";
				COPY_PHASE_STRIP = NO;
				DEBUG_INFORMATION_FORMAT = "dwarf-with-dsym";
				ENABLE_NS_ASSERTIONS = NO;
				ENABLE_STRICT_OBJC_MSGSEND = YES;
				GCC_C_LANGUAGE_STANDARD = gnu99;
				GCC_NO_COMMON_BLOCKS = YES;
				GCC_WARN_64_TO_32_BIT_CONVERSION = YES;
				GCC_WARN_ABOUT_RETURN_TYPE = YES_ERROR;
				GCC_WARN_UNDECLARED_SELECTOR = YES;
				GCC_WARN_UNINITIALIZED_AUTOS = YES_AGGRESSIVE;
				GCC_WARN_UNUSED_FUNCTION = YES;
				GCC_WARN_UNUSED_VARIABLE = YES;
				IPHONEOS_DEPLOYMENT_TARGET = 9.3;
				MTL_ENABLE_DEBUG_INFO = NO;
				SDKROOT = iphoneos;
				TARGETED_DEVICE_FAMILY = "1,2";
				VALIDATE_PRODUCT = YES;
			};
			name = Release;
		};
		11064C0F1CD32BEE00771121 /* Debug */ = {
			isa = XCBuildConfiguration;
			buildSettings = {
				ASSETCATALOG_COMPILER_APPICON_NAME = AppIcon;
				INFOPLIST_FILE = ALPHACamp_finalExam/Info.plist;
				LD_RUNPATH_SEARCH_PATHS = "$(inherited) @executable_path/Frameworks";
				PRODUCT_BUNDLE_IDENTIFIER = "net.kahopoon.ALPHACamp-finalExam";
				PRODUCT_NAME = "$(TARGET_NAME)";
			};
			name = Debug;
		};
		11064C101CD32BEE00771121 /* Release */ = {
			isa = XCBuildConfiguration;
			buildSettings = {
				ASSETCATALOG_COMPILER_APPICON_NAME = AppIcon;
				INFOPLIST_FILE = ALPHACamp_finalExam/Info.plist;
				LD_RUNPATH_SEARCH_PATHS = "$(inherited) @executable_path/Frameworks";
				PRODUCT_BUNDLE_IDENTIFIER = "net.kahopoon.ALPHACamp-finalExam";
				PRODUCT_NAME = "$(TARGET_NAME)";
			};
			name = Release;
		};
/* End XCBuildConfiguration section */

/* Begin XCConfigurationList section */
		11064BF71CD32BEE00771121 /* Build configuration list for PBXProject "ALPHACamp_finalExam" */ = {
			isa = XCConfigurationList;
			buildConfigurations = (
				11064C0C1CD32BEE00771121 /* Debug */,
				11064C0D1CD32BEE00771121 /* Release */,
			);
			defaultConfigurationIsVisible = 0;
			defaultConfigurationName = Release;
		};
		11064C0E1CD32BEE00771121 /* Build configuration list for PBXNativeTarget "ALPHACamp_finalExam" */ = {
			isa = XCConfigurationList;
			buildConfigurations = (
				11064C0F1CD32BEE00771121 /* Debug */,
				11064C101CD32BEE00771121 /* Release */,
			);
			defaultConfigurationIsVisible = 0;
		};
/* End XCConfigurationList section */
	};
	rootObject = 11064BF41CD32BEE00771121 /* Project object */;
}
